
Microsoft Visual Studio Solution File, Format Version 12.00
# Visual Studio Version 17
VisualStudioVersion = 17.8.34316.72
MinimumVisualStudioVersion = 10.0.40219.1
Project("{9A19103F-16F7-4668-BE54-9A1E7A4F7556}") = "LockSolution", "LockSolution\LockSolution.csproj", "{35D24BE9-3A05-4412-BA66-72F8AEB1412F}"
EndProject
Project("{9A19103F-16F7-4668-BE54-9A1E7A4F7556}") = "Redis_StackExchange", "Redis_StackExchange\Redis_StackExchange.csproj", "{0349D178-C095-4566-80C5-DFC40E614B60}"
EndProject
Project("{9A19103F-16F7-4668-BE54-9A1E7A4F7556}") = "Job_BackgroundJob", "Job_BackgroundJob\Job_BackgroundJob.csproj", "{95B5C08B-A3CB-44B4-91E3-A006BEA6E156}"
EndProject
Project("{9A19103F-16F7-4668-BE54-9A1E7A4F7556}") = "Job_Hangfire", "Job_Hangfire\Job_Hangfire.csproj", "{F55B18A9-0F11-459D-A33E-30236F8CB3EE}"
EndProject
Project("{9A19103F-16F7-4668-BE54-9A1E7A4F7556}") = "HtmlToPDF", "HtmlToPDF\HtmlToPDF.csproj", "{A325A821-D659-4378-931F-A812B4EA0FA8}"
EndProject
Project("{9A19103F-16F7-4668-BE54-9A1E7A4F7556}") = "GaTwoFactorAuthenticator", "GaTwoFactorAuthenticator\GaTwoFactorAuthenticator.csproj", "{9B5963DE-061C-498A-B80A-5AFD36084EAE}"
EndProject
Project("{9A19103F-16F7-4668-BE54-9A1E7A4F7556}") = "WebhookApi", "WebhookApi\WebhookApi.csproj", "{65CBAC8E-FB2E-441F-977A-5B4D72B155E9}"
EndProject
Project("{9A19103F-16F7-4668-BE54-9A1E7A4F7556}") = "EncryptString_Cryptography", "EncryptString_Cryptography\EncryptString_Cryptography.csproj", "{894D6967-2ECC-494B-B9F5-BD004FFEF63B}"
EndProject
Project("{FAE04EC0-301F-11D3-BF4B-00C04F79EFBC}") = "RedisDb", "RedisDb\RedisDb.csproj", "{B32FCD10-AA5A-4784-97A1-B5E34A08AD56}"
EndProject
Global
	GlobalSection(SolutionConfigurationPlatforms) = preSolution
		Debug|Any CPU = Debug|Any CPU
		Release|Any CPU = Release|Any CPU
	EndGlobalSection
	GlobalSection(ProjectConfigurationPlatforms) = postSolution
		{35D24BE9-3A05-4412-BA66-72F8AEB1412F}.Debug|Any CPU.ActiveCfg = Debug|Any CPU
		{35D24BE9-3A05-4412-BA66-72F8AEB1412F}.Debug|Any CPU.Build.0 = Debug|Any CPU
		{35D24BE9-3A05-4412-BA66-72F8AEB1412F}.Release|Any CPU.ActiveCfg = Release|Any CPU
		{35D24BE9-3A05-4412-BA66-72F8AEB1412F}.Release|Any CPU.Build.0 = Release|Any CPU
		{0349D178-C095-4566-80C5-DFC40E614B60}.Debug|Any CPU.ActiveCfg = Debug|Any CPU
		{0349D178-C095-4566-80C5-DFC40E614B60}.Debug|Any CPU.Build.0 = Debug|Any CPU
		{0349D178-C095-4566-80C5-DFC40E614B60}.Release|Any CPU.ActiveCfg = Release|Any CPU
		{0349D178-C095-4566-80C5-DFC40E614B60}.Release|Any CPU.Build.0 = Release|Any CPU
		{95B5C08B-A3CB-44B4-91E3-A006BEA6E156}.Debug|Any CPU.ActiveCfg = Debug|Any CPU
		{95B5C08B-A3CB-44B4-91E3-A006BEA6E156}.Debug|Any CPU.Build.0 = Debug|Any CPU
		{95B5C08B-A3CB-44B4-91E3-A006BEA6E156}.Release|Any CPU.ActiveCfg = Release|Any CPU
		{95B5C08B-A3CB-44B4-91E3-A006BEA6E156}.Release|Any CPU.Build.0 = Release|Any CPU
		{F55B18A9-0F11-459D-A33E-30236F8CB3EE}.Debug|Any CPU.ActiveCfg = Debug|Any CPU
		{F55B18A9-0F11-459D-A33E-30236F8CB3EE}.Debug|Any CPU.Build.0 = Debug|Any CPU
		{F55B18A9-0F11-459D-A33E-30236F8CB3EE}.Release|Any CPU.ActiveCfg = Release|Any CPU
		{F55B18A9-0F11-459D-A33E-30236F8CB3EE}.Release|Any CPU.Build.0 = Release|Any CPU
		{A325A821-D659-4378-931F-A812B4EA0FA8}.Debug|Any CPU.ActiveCfg = Debug|Any CPU
		{A325A821-D659-4378-931F-A812B4EA0FA8}.Debug|Any CPU.Build.0 = Debug|Any CPU
		{A325A821-D659-4378-931F-A812B4EA0FA8}.Release|Any CPU.ActiveCfg = Release|Any CPU
		{A325A821-D659-4378-931F-A812B4EA0FA8}.Release|Any CPU.Build.0 = Release|Any CPU
		{9B5963DE-061C-498A-B80A-5AFD36084EAE}.Debug|Any CPU.ActiveCfg = Debug|Any CPU
		{9B5963DE-061C-498A-B80A-5AFD36084EAE}.Debug|Any CPU.Build.0 = Debug|Any CPU
		{9B5963DE-061C-498A-B80A-5AFD36084EAE}.Release|Any CPU.ActiveCfg = Release|Any CPU
		{9B5963DE-061C-498A-B80A-5AFD36084EAE}.Release|Any CPU.Build.0 = Release|Any CPU
		{65CBAC8E-FB2E-441F-977A-5B4D72B155E9}.Debug|Any CPU.ActiveCfg = Debug|Any CPU
		{65CBAC8E-FB2E-441F-977A-5B4D72B155E9}.Debug|Any CPU.Build.0 = Debug|Any CPU
		{65CBAC8E-FB2E-441F-977A-5B4D72B155E9}.Release|Any CPU.ActiveCfg = Release|Any CPU
		{65CBAC8E-FB2E-441F-977A-5B4D72B155E9}.Release|Any CPU.Build.0 = Release|Any CPU
		{894D6967-2ECC-494B-B9F5-BD004FFEF63B}.Debug|Any CPU.ActiveCfg = Debug|Any CPU
		{894D6967-2ECC-494B-B9F5-BD004FFEF63B}.Debug|Any CPU.Build.0 = Debug|Any CPU
		{894D6967-2ECC-494B-B9F5-BD004FFEF63B}.Release|Any CPU.ActiveCfg = Release|Any CPU
		{894D6967-2ECC-494B-B9F5-BD004FFEF63B}.Release|Any CPU.Build.0 = Release|Any CPU
		{B32FCD10-AA5A-4784-97A1-B5E34A08AD56}.Debug|Any CPU.ActiveCfg = Debug|Any CPU
		{B32FCD10-AA5A-4784-97A1-B5E34A08AD56}.Debug|Any CPU.Build.0 = Debug|Any CPU
		{B32FCD10-AA5A-4784-97A1-B5E34A08AD56}.Release|Any CPU.ActiveCfg = Release|Any CPU
		{B32FCD10-AA5A-4784-97A1-B5E34A08AD56}.Release|Any CPU.Build.0 = Release|Any CPU
	EndGlobalSection
	GlobalSection(SolutionProperties) = preSolution
		HideSolutionNode = FALSE
	EndGlobalSection
	GlobalSection(ExtensibilityGlobals) = postSolution
		SolutionGuid = {1413F5ED-D27A-4581-B517-EBC0A326820A}
	EndGlobalSection
EndGlobal
