
Microsoft Visual Studio Solution File, Format Version 12.00
# Visual Studio Version 17
VisualStudioVersion = 17.8.34316.72
MinimumVisualStudioVersion = 10.0.40219.1
Project("{FAE04EC0-301F-11D3-BF4B-00C04F79EFBC}") = "LockSolution", "2UsersBuy1Order\LockSolution.csproj", "{35D24BE9-3A05-4412-BA66-72F8AEB1412F}"
EndProject
Global
	GlobalSection(SolutionConfigurationPlatforms) = preSolution
		Debug|Any CPU = Debug|Any CPU
		Release|Any CPU = Release|Any CPU
	EndGlobalSection
	GlobalSection(ProjectConfigurationPlatforms) = postSolution
		{35D24BE9-3A05-4412-BA66-72F8AEB1412F}.Debug|Any CPU.ActiveCfg = Debug|Any CPU
		{35D24BE9-3A05-4412-BA66-72F8AEB1412F}.Debug|Any CPU.Build.0 = Debug|Any CPU
		{35D24BE9-3A05-4412-BA66-72F8AEB1412F}.Release|Any CPU.ActiveCfg = Release|Any CPU
		{35D24BE9-3A05-4412-BA66-72F8AEB1412F}.Release|Any CPU.Build.0 = Release|Any CPU
	EndGlobalSection
	GlobalSection(SolutionProperties) = preSolution
		HideSolutionNode = FALSE
	EndGlobalSection
	GlobalSection(ExtensibilityGlobals) = postSolution
		SolutionGuid = {1413F5ED-D27A-4581-B517-EBC0A326820A}
	EndGlobalSection
EndGlobal
